// !$*UTF8*$!
{
	archiveVersion = 1;
	classes = {
	};
	objectVersion = 51;
	objects = {

/* Begin PBXBuildFile section */
		3641C73F234CCEC30058CF26 /* AppDelegate.swift in Sources */ = {isa = PBXBuildFile; fileRef = 3641C73E234CCEC30058CF26 /* AppDelegate.swift */; };
		3641C746234CCEC30058CF26 /* Main.storyboard in Resources */ = {isa = PBXBuildFile; fileRef = 3641C744234CCEC30058CF26 /* Main.storyboard */; };
		3641C749234CCEC30058CF26 /* Fun2Order.xcdatamodeld in Sources */ = {isa = PBXBuildFile; fileRef = 3641C747234CCEC30058CF26 /* Fun2Order.xcdatamodeld */; };
		3641C74B234CCEC40058CF26 /* Assets.xcassets in Resources */ = {isa = PBXBuildFile; fileRef = 3641C74A234CCEC40058CF26 /* Assets.xcassets */; };
		3641C74E234CCEC40058CF26 /* LaunchScreen.storyboard in Resources */ = {isa = PBXBuildFile; fileRef = 3641C74C234CCEC40058CF26 /* LaunchScreen.storyboard */; };
		3641C757234CD1620058CF26 /* SceneDelegate.swift in Sources */ = {isa = PBXBuildFile; fileRef = 3641C756234CD1620058CF26 /* SceneDelegate.swift */; };
		3641C759234D63280058CF26 /* HomeViewController.swift in Sources */ = {isa = PBXBuildFile; fileRef = 3641C758234D63280058CF26 /* HomeViewController.swift */; };
/* End PBXBuildFile section */

/* Begin PBXFileReference section */
		3641C73B234CCEC30058CF26 /* Fun2Order.app */ = {isa = PBXFileReference; explicitFileType = wrapper.application; includeInIndex = 0; path = Fun2Order.app; sourceTree = BUILT_PRODUCTS_DIR; };
		3641C73E234CCEC30058CF26 /* AppDelegate.swift */ = {isa = PBXFileReference; lastKnownFileType = sourcecode.swift; path = AppDelegate.swift; sourceTree = "<group>"; };
		3641C745234CCEC30058CF26 /* Base */ = {isa = PBXFileReference; lastKnownFileType = file.storyboard; name = Base; path = Base.lproj/Main.storyboard; sourceTree = "<group>"; };
		3641C748234CCEC30058CF26 /* Fun2Order.xcdatamodel */ = {isa = PBXFileReference; lastKnownFileType = wrapper.xcdatamodel; path = Fun2Order.xcdatamodel; sourceTree = "<group>"; };
		3641C74A234CCEC40058CF26 /* Assets.xcassets */ = {isa = PBXFileReference; lastKnownFileType = folder.assetcatalog; path = Assets.xcassets; sourceTree = "<group>"; };
		3641C74D234CCEC40058CF26 /* Base */ = {isa = PBXFileReference; lastKnownFileType = file.storyboard; name = Base; path = Base.lproj/LaunchScreen.storyboard; sourceTree = "<group>"; };
		3641C74F234CCEC40058CF26 /* Info.plist */ = {isa = PBXFileReference; lastKnownFileType = text.plist.xml; path = Info.plist; sourceTree = "<group>"; };
		3641C756234CD1620058CF26 /* SceneDelegate.swift */ = {isa = PBXFileReference; fileEncoding = 4; lastKnownFileType = sourcecode.swift; path = SceneDelegate.swift; sourceTree = "<group>"; };
		3641C758234D63280058CF26 /* HomeViewController.swift */ = {isa = PBXFileReference; lastKnownFileType = sourcecode.swift; path = HomeViewController.swift; sourceTree = "<group>"; };
/* End PBXFileReference section */

/* Begin PBXFrameworksBuildPhase section */
		3641C738234CCEC30058CF26 /* Frameworks */ = {
			isa = PBXFrameworksBuildPhase;
			buildActionMask = 2147483647;
			files = (
			);
			runOnlyForDeploymentPostprocessing = 0;
		};
/* End PBXFrameworksBuildPhase section */

/* Begin PBXGroup section */
		3641C732234CCEC30058CF26 = {
			isa = PBXGroup;
			children = (
				3641C73D234CCEC30058CF26 /* Fun2Order */,
				3641C73C234CCEC30058CF26 /* Products */,
			);
			sourceTree = "<group>";
			usesTabs = 0;
		};
		3641C73C234CCEC30058CF26 /* Products */ = {
			isa = PBXGroup;
			children = (
				3641C73B234CCEC30058CF26 /* Fun2Order.app */,
			);
			name = Products;
			sourceTree = "<group>";
		};
		3641C73D234CCEC30058CF26 /* Fun2Order */ = {
			isa = PBXGroup;
			children = (
				3641C756234CD1620058CF26 /* SceneDelegate.swift */,
				3641C73E234CCEC30058CF26 /* AppDelegate.swift */,
				3641C744234CCEC30058CF26 /* Main.storyboard */,
				3641C74A234CCEC40058CF26 /* Assets.xcassets */,
				3641C74C234CCEC40058CF26 /* LaunchScreen.storyboard */,
				3641C74F234CCEC40058CF26 /* Info.plist */,
				3641C747234CCEC30058CF26 /* Fun2Order.xcdatamodeld */,
				3641C758234D63280058CF26 /* HomeViewController.swift */,
			);
			path = Fun2Order;
			sourceTree = "<group>";
		};
/* End PBXGroup section */

/* Begin PBXNativeTarget section */
		3641C73A234CCEC30058CF26 /* Fun2Order */ = {
			isa = PBXNativeTarget;
			buildConfigurationList = 3641C752234CCEC40058CF26 /* Build configuration list for PBXNativeTarget "Fun2Order" */;
			buildPhases = (
				3641C737234CCEC30058CF26 /* Sources */,
				3641C738234CCEC30058CF26 /* Frameworks */,
				3641C739234CCEC30058CF26 /* Resources */,
			);
			buildRules = (
			);
			dependencies = (
			);
			name = Fun2Order;
			productName = Fun2Order;
			productReference = 3641C73B234CCEC30058CF26 /* Fun2Order.app */;
			productType = "com.apple.product-type.application";
		};
/* End PBXNativeTarget section */

/* Begin PBXProject section */
		3641C733234CCEC30058CF26 /* Project object */ = {
			isa = PBXProject;
			attributes = {
				LastSwiftUpdateCheck = 1110;
				LastUpgradeCheck = 1110;
				ORGANIZATIONNAME = JStudio;
				TargetAttributes = {
					3641C73A234CCEC30058CF26 = {
						CreatedOnToolsVersion = 11.1;
					};
				};
			};
			buildConfigurationList = 3641C736234CCEC30058CF26 /* Build configuration list for PBXProject "Fun2Order" */;
			compatibilityVersion = "Xcode 10.0";
			developmentRegion = en;
			hasScannedForEncodings = 0;
			knownRegions = (
				en,
				Base,
			);
			mainGroup = 3641C732234CCEC30058CF26;
			productRefGroup = 3641C73C234CCEC30058CF26 /* Products */;
			projectDirPath = "";
			projectRoot = "";
			targets = (
				3641C73A234CCEC30058CF26 /* Fun2Order */,
			);
		};
/* End PBXProject section */

/* Begin PBXResourcesBuildPhase section */
		3641C739234CCEC30058CF26 /* Resources */ = {
			isa = PBXResourcesBuildPhase;
			buildActionMask = 2147483647;
			files = (
				3641C74E234CCEC40058CF26 /* LaunchScreen.storyboard in Resources */,
				3641C74B234CCEC40058CF26 /* Assets.xcassets in Resources */,
				3641C746234CCEC30058CF26 /* Main.storyboard in Resources */,
			);
			runOnlyForDeploymentPostprocessing = 0;
		};
/* End PBXResourcesBuildPhase section */

/* Begin PBXSourcesBuildPhase section */
		3641C737234CCEC30058CF26 /* Sources */ = {
			isa = PBXSourcesBuildPhase;
			buildActionMask = 2147483647;
			files = (
				3641C749234CCEC30058CF26 /* Fun2Order.xcdatamodeld in Sources */,
				3641C73F234CCEC30058CF26 /* AppDelegate.swift in Sources */,
				3641C757234CD1620058CF26 /* SceneDelegate.swift in Sources */,
				3641C759234D63280058CF26 /* HomeViewController.swift in Sources */,
			);
			runOnlyForDeploymentPostprocessing = 0;
		};
/* End PBXSourcesBuildPhase section */

/* Begin PBXVariantGroup section */
		3641C744234CCEC30058CF26 /* Main.storyboard */ = {
			isa = PBXVariantGroup;
			children = (
				3641C745234CCEC30058CF26 /* Base */,
			);
			name = Main.storyboard;
			sourceTree = "<group>";
		};
		3641C74C234CCEC40058CF26 /* LaunchScreen.storyboard */ = {
			isa = PBXVariantGroup;
			children = (
				3641C74D234CCEC40058CF26 /* Base */,
			);
			name = LaunchScreen.storyboard;
			sourceTree = "<group>";
		};
/* End PBXVariantGroup section */

/* Begin XCBuildConfiguration section */
		3641C750234CCEC40058CF26 /* Debug */ = {
			isa = XCBuildConfiguration;
			buildSettings = {
				ALWAYS_SEARCH_USER_PATHS = NO;
				CLANG_ANALYZER_NONNULL = YES;
				CLANG_ANALYZER_NUMBER_OBJECT_CONVERSION = YES_AGGRESSIVE;
				CLANG_CXX_LANGUAGE_STANDARD = "gnu++14";
				CLANG_CXX_LIBRARY = "libc++";
				CLANG_ENABLE_MODULES = YES;
				CLANG_ENABLE_OBJC_ARC = YES;
				CLANG_ENABLE_OBJC_WEAK = YES;
				CLANG_WARN_BLOCK_CAPTURE_AUTORELEASING = YES;
				CLANG_WARN_BOOL_CONVERSION = YES;
				CLANG_WARN_COMMA = YES;
				CLANG_WARN_CONSTANT_CONVERSION = YES;
				CLANG_WARN_DEPRECATED_OBJC_IMPLEMENTATIONS = YES;
				CLANG_WARN_DIRECT_OBJC_ISA_USAGE = YES_ERROR;
				CLANG_WARN_DOCUMENTATION_COMMENTS = YES;
				CLANG_WARN_EMPTY_BODY = YES;
				CLANG_WARN_ENUM_CONVERSION = YES;
				CLANG_WARN_INFINITE_RECURSION = YES;
				CLANG_WARN_INT_CONVERSION = YES;
				CLANG_WARN_NON_LITERAL_NULL_CONVERSION = YES;
				CLANG_WARN_OBJC_IMPLICIT_RETAIN_SELF = YES;
				CLANG_WARN_OBJC_LITERAL_CONVERSION = YES;
				CLANG_WARN_OBJC_ROOT_CLASS = YES_ERROR;
				CLANG_WARN_RANGE_LOOP_ANALYSIS = YES;
				CLANG_WARN_STRICT_PROTOTYPES = YES;
				CLANG_WARN_SUSPICIOUS_MOVE = YES;
				CLANG_WARN_UNGUARDED_AVAILABILITY = YES_AGGRESSIVE;
				CLANG_WARN_UNREACHABLE_CODE = YES;
				CLANG_WARN__DUPLICATE_METHOD_MATCH = YES;
				COPY_PHASE_STRIP = NO;
				DEBUG_INFORMATION_FORMAT = dwarf;
				ENABLE_STRICT_OBJC_MSGSEND = YES;
				ENABLE_TESTABILITY = YES;
				GCC_C_LANGUAGE_STANDARD = gnu11;
				GCC_DYNAMIC_NO_PIC = NO;
				GCC_NO_COMMON_BLOCKS = YES;
				GCC_OPTIMIZATION_LEVEL = 0;
				GCC_PREPROCESSOR_DEFINITIONS = (
					"DEBUG=1",
					"$(inherited)",
				);
				GCC_WARN_64_TO_32_BIT_CONVERSION = YES;
				GCC_WARN_ABOUT_RETURN_TYPE = YES_ERROR;
				GCC_WARN_UNDECLARED_SELECTOR = YES;
				GCC_WARN_UNINITIALIZED_AUTOS = YES_AGGRESSIVE;
				GCC_WARN_UNUSED_FUNCTION = YES;
				GCC_WARN_UNUSED_VARIABLE = YES;
				IPHONEOS_DEPLOYMENT_TARGET = 13.1;
				MTL_ENABLE_DEBUG_INFO = INCLUDE_SOURCE;
				MTL_FAST_MATH = YES;
				ONLY_ACTIVE_ARCH = YES;
				SDKROOT = iphoneos;
				SWIFT_ACTIVE_COMPILATION_CONDITIONS = DEBUG;
				SWIFT_OPTIMIZATION_LEVEL = "-Onone";
			};
			name = Debug;
		};
		3641C751234CCEC40058CF26 /* Release */ = {
			isa = XCBuildConfiguration;
			buildSettings = {
				ALWAYS_SEARCH_USER_PATHS = NO;
				CLANG_ANALYZER_NONNULL = YES;
				CLANG_ANALYZER_NUMBER_OBJECT_CONVERSION = YES_AGGRESSIVE;
				CLANG_CXX_LANGUAGE_STANDARD = "gnu++14";
				CLANG_CXX_LIBRARY = "libc++";
				CLANG_ENABLE_MODULES = YES;
				CLANG_ENABLE_OBJC_ARC = YES;
				CLANG_ENABLE_OBJC_WEAK = YES;
				CLANG_WARN_BLOCK_CAPTURE_AUTORELEASING = YES;
				CLANG_WARN_BOOL_CONVERSION = YES;
				CLANG_WARN_COMMA = YES;
				CLANG_WARN_CONSTANT_CONVERSION = YES;
				CLANG_WARN_DEPRECATED_OBJC_IMPLEMENTATIONS = YES;
				CLANG_WARN_DIRECT_OBJC_ISA_USAGE = YES_ERROR;
				CLANG_WARN_DOCUMENTATION_COMMENTS = YES;
				CLANG_WARN_EMPTY_BODY = YES;
				CLANG_WARN_ENUM_CONVERSION = YES;
				CLANG_WARN_INFINITE_RECURSION = YES;
				CLANG_WARN_INT_CONVERSION = YES;
				CLANG_WARN_NON_LITERAL_NULL_CONVERSION = YES;
				CLANG_WARN_OBJC_IMPLICIT_RETAIN_SELF = YES;
				CLANG_WARN_OBJC_LITERAL_CONVERSION = YES;
				CLANG_WARN_OBJC_ROOT_CLASS = YES_ERROR;
				CLANG_WARN_RANGE_LOOP_ANALYSIS = YES;
				CLANG_WARN_STRICT_PROTOTYPES = YES;
				CLANG_WARN_SUSPICIOUS_MOVE = YES;
				CLANG_WARN_UNGUARDED_AVAILABILITY = YES_AGGRESSIVE;
				CLANG_WARN_UNREACHABLE_CODE = YES;
				CLANG_WARN__DUPLICATE_METHOD_MATCH = YES;
				COPY_PHASE_STRIP = NO;
				DEBUG_INFORMATION_FORMAT = "dwarf-with-dsym";
				ENABLE_NS_ASSERTIONS = NO;
				ENABLE_STRICT_OBJC_MSGSEND = YES;
				GCC_C_LANGUAGE_STANDARD = gnu11;
				GCC_NO_COMMON_BLOCKS = YES;
				GCC_WARN_64_TO_32_BIT_CONVERSION = YES;
				GCC_WARN_ABOUT_RETURN_TYPE = YES_ERROR;
				GCC_WARN_UNDECLARED_SELECTOR = YES;
				GCC_WARN_UNINITIALIZED_AUTOS = YES_AGGRESSIVE;
				GCC_WARN_UNUSED_FUNCTION = YES;
				GCC_WARN_UNUSED_VARIABLE = YES;
				IPHONEOS_DEPLOYMENT_TARGET = 13.1;
				MTL_ENABLE_DEBUG_INFO = NO;
				MTL_FAST_MATH = YES;
				SDKROOT = iphoneos;
				SWIFT_COMPILATION_MODE = wholemodule;
				SWIFT_OPTIMIZATION_LEVEL = "-O";
				VALIDATE_PRODUCT = YES;
			};
			name = Release;
		};
		3641C753234CCEC40058CF26 /* Debug */ = {
			isa = XCBuildConfiguration;
			buildSettings = {
				ASSETCATALOG_COMPILER_APPICON_NAME = AppIcon;
				CODE_SIGN_STYLE = Automatic;
				DEVELOPMENT_TEAM = 34KF2N2J26;
				INFOPLIST_FILE = Fun2Order/Info.plist;
				IPHONEOS_DEPLOYMENT_TARGET = 12.2;
				LD_RUNPATH_SEARCH_PATHS = (
					"$(inherited)",
					"@executable_path/Frameworks",
				);
				PRODUCT_BUNDLE_IDENTIFIER = TeamPlus.Fun2Order;
				PRODUCT_NAME = "$(TARGET_NAME)";
				SWIFT_VERSION = 5.0;
				TARGETED_DEVICE_FAMILY = 1;
			};
			name = Debug;
		};
		3641C754234CCEC40058CF26 /* Release */ = {
			isa = XCBuildConfiguration;
			buildSettings = {
				ASSETCATALOG_COMPILER_APPICON_NAME = AppIcon;
				CODE_SIGN_STYLE = Automatic;
				DEVELOPMENT_TEAM = 34KF2N2J26;
				INFOPLIST_FILE = Fun2Order/Info.plist;
				IPHONEOS_DEPLOYMENT_TARGET = 12.2;
				LD_RUNPATH_SEARCH_PATHS = (
					"$(inherited)",
					"@executable_path/Frameworks",
				);
				PRODUCT_BUNDLE_IDENTIFIER = TeamPlus.Fun2Order;
				PRODUCT_NAME = "$(TARGET_NAME)";
				SWIFT_VERSION = 5.0;
				TARGETED_DEVICE_FAMILY = 1;
			};
			name = Release;
		};
/* End XCBuildConfiguration section */

/* Begin XCConfigurationList section */
		3641C736234CCEC30058CF26 /* Build configuration list for PBXProject "Fun2Order" */ = {
			isa = XCConfigurationList;
			buildConfigurations = (
				3641C750234CCEC40058CF26 /* Debug */,
				3641C751234CCEC40058CF26 /* Release */,
			);
			defaultConfigurationIsVisible = 0;
			defaultConfigurationName = Release;
		};
		3641C752234CCEC40058CF26 /* Build configuration list for PBXNativeTarget "Fun2Order" */ = {
			isa = XCConfigurationList;
			buildConfigurations = (
				3641C753234CCEC40058CF26 /* Debug */,
				3641C754234CCEC40058CF26 /* Release */,
			);
			defaultConfigurationIsVisible = 0;
			defaultConfigurationName = Release;
		};
/* End XCConfigurationList section */

/* Begin XCVersionGroup section */
		3641C747234CCEC30058CF26 /* Fun2Order.xcdatamodeld */ = {
			isa = XCVersionGroup;
			children = (
				3641C748234CCEC30058CF26 /* Fun2Order.xcdatamodel */,
			);
			currentVersion = 3641C748234CCEC30058CF26 /* Fun2Order.xcdatamodel */;
			path = Fun2Order.xcdatamodeld;
			sourceTree = "<group>";
			versionGroupType = wrapper.xcdatamodel;
		};
/* End XCVersionGroup section */
	};
	rootObject = 3641C733234CCEC30058CF26 /* Project object */;
}
